
Microsoft Visual Studio Solution File, Format Version 12.00
# Visual Studio Version 16
VisualStudioVersion = 16.0.30002.166
MinimumVisualStudioVersion = 10.0.40219.1
Project("{FAE04EC0-301F-11D3-BF4B-00C04F79EFBC}") = "Waifu2xVideoUpscaler", "Waifu2xVideoUpscaler\Waifu2xVideoUpscaler.csproj", "{6BE9F21F-513B-40AA-984F-F4C0577EC4DA}"
EndProject
Global
	GlobalSection(SolutionConfigurationPlatforms) = preSolution
		Debug|Any CPU = Debug|Any CPU
		Release|Any CPU = Release|Any CPU
	EndGlobalSection
	GlobalSection(ProjectConfigurationPlatforms) = postSolution
		{6BE9F21F-513B-40AA-984F-F4C0577EC4DA}.Debug|Any CPU.ActiveCfg = Debug|Any CPU
		{6BE9F21F-513B-40AA-984F-F4C0577EC4DA}.Debug|Any CPU.Build.0 = Debug|Any CPU
		{6BE9F21F-513B-40AA-984F-F4C0577EC4DA}.Release|Any CPU.ActiveCfg = Release|Any CPU
		{6BE9F21F-513B-40AA-984F-F4C0577EC4DA}.Release|Any CPU.Build.0 = Release|Any CPU
	EndGlobalSection
	GlobalSection(SolutionProperties) = preSolution
		HideSolutionNode = FALSE
	EndGlobalSection
	GlobalSection(ExtensibilityGlobals) = postSolution
		SolutionGuid = {A70D8470-D91A-42A7-927B-50118FFFA165}
	EndGlobalSection
EndGlobal
